<?xml version="1.0" encoding="utf-8"?>
<Project ToolsVersion="4.0" xmlns="http://schemas.microsoft.com/developer/msbuild/2003">
  <ItemGroup>
    <ClCompile Include="Common.cpp" />
    <ClCompile Include="Privileges.cpp" />
    <ClCompile Include="Process.cpp" />
  </ItemGroup>
  <ItemGroup>
    <ClInclude Include="WinHook.hpp" />
    <ClInclude Include="WinHookInternal.hpp" />
  </ItemGroup>
</Project>