
Microsoft Visual Studio Solution File, Format Version 11.00
# Visual Studio 2010
Project("{8BC9CEB8-8B4A-11D0-8D11-00A0C91BC942}") = "WinHook", "WinHook\WinHook.vcxproj", "{71A651DF-DFFC-447B-83C9-4B30232F4159}"
EndProject
Project("{8BC9CEB8-8B4A-11D0-8D11-00A0C91BC942}") = "TestInjector", "TestInjector\TestInjector.vcxproj", "{CCCE0038-079F-4EED-82DE-8C7F4B2116F4}"
EndProject
Project("{8BC9CEB8-8B4A-11D0-8D11-00A0C91BC942}") = "TestDll", "TestDll\TestDll.vcxproj", "{C11E5346-748C-4366-B8E5-8640FDCCA2EA}"
EndProject
Global
	GlobalSection(SolutionConfigurationPlatforms) = preSolution
		Debug|Win32 = Debug|Win32
		Release|Win32 = Release|Win32
	EndGlobalSection
	GlobalSection(ProjectConfigurationPlatforms) = postSolution
		{71A651DF-DFFC-447B-83C9-4B30232F4159}.Debug|Win32.ActiveCfg = Debug|Win32
		{71A651DF-DFFC-447B-83C9-4B30232F4159}.Debug|Win32.Build.0 = Debug|Win32
		{71A651DF-DFFC-447B-83C9-4B30232F4159}.Release|Win32.ActiveCfg = Release|Win32
		{71A651DF-DFFC-447B-83C9-4B30232F4159}.Release|Win32.Build.0 = Release|Win32
		{CCCE0038-079F-4EED-82DE-8C7F4B2116F4}.Debug|Win32.ActiveCfg = Debug|Win32
		{CCCE0038-079F-4EED-82DE-8C7F4B2116F4}.Debug|Win32.Build.0 = Debug|Win32
		{CCCE0038-079F-4EED-82DE-8C7F4B2116F4}.Release|Win32.ActiveCfg = Release|Win32
		{CCCE0038-079F-4EED-82DE-8C7F4B2116F4}.Release|Win32.Build.0 = Release|Win32
		{C11E5346-748C-4366-B8E5-8640FDCCA2EA}.Debug|Win32.ActiveCfg = Debug|Win32
		{C11E5346-748C-4366-B8E5-8640FDCCA2EA}.Debug|Win32.Build.0 = Debug|Win32
		{C11E5346-748C-4366-B8E5-8640FDCCA2EA}.Release|Win32.ActiveCfg = Release|Win32
		{C11E5346-748C-4366-B8E5-8640FDCCA2EA}.Release|Win32.Build.0 = Release|Win32
	EndGlobalSection
	GlobalSection(SolutionProperties) = preSolution
		HideSolutionNode = FALSE
	EndGlobalSection
EndGlobal
